
Microsoft Visual Studio Solution File, Format Version 12.00
# Visual Studio 15
VisualStudioVersion = 15.0.28307.271
MinimumVisualStudioVersion = 10.0.40219.1
Project("{FAE04EC0-301F-11D3-BF4B-00C04F79EFBC}") = "Lastpass HaveIBeenPwned Checker", "Lastpass HaveIBeenPwned Checker\Lastpass HaveIBeenPwned Checker.csproj", "{086AB24B-A8F2-4D1B-937E-08088AD551D5}"
EndProject
Global
	GlobalSection(SolutionConfigurationPlatforms) = preSolution
		Debug|Any CPU = Debug|Any CPU
		Release|Any CPU = Release|Any CPU
	EndGlobalSection
	GlobalSection(ProjectConfigurationPlatforms) = postSolution
		{086AB24B-A8F2-4D1B-937E-08088AD551D5}.Debug|Any CPU.ActiveCfg = Debug|Any CPU
		{086AB24B-A8F2-4D1B-937E-08088AD551D5}.Debug|Any CPU.Build.0 = Debug|Any CPU
		{086AB24B-A8F2-4D1B-937E-08088AD551D5}.Release|Any CPU.ActiveCfg = Release|Any CPU
		{086AB24B-A8F2-4D1B-937E-08088AD551D5}.Release|Any CPU.Build.0 = Release|Any CPU
	EndGlobalSection
	GlobalSection(SolutionProperties) = preSolution
		HideSolutionNode = FALSE
	EndGlobalSection
	GlobalSection(ExtensibilityGlobals) = postSolution
		SolutionGuid = {23351D47-A96A-4F63-9CB1-607677D02C5A}
	EndGlobalSection
EndGlobal
